
Microsoft Visual Studio Solution File, Format Version 12.00
# Visual Studio 2015
Project("{FAE04EC0-301F-11D3-BF4B-00C04F79EFBC}") = "fluvio plswork.CSharp", "fluvio plswork.CSharp.csproj", "{D658C5C6-2BB6-A4F2-85C0-AFDC4A4F4D64}"
EndProject
Project("{FAE04EC0-301F-11D3-BF4B-00C04F79EFBC}") = "fluvio plswork.CSharp.Editor", "fluvio plswork.CSharp.Editor.csproj", "{947C2742-A9F0-BEBC-DB79-C37241D32DE1}"
EndProject
Global
	GlobalSection(SolutionConfigurationPlatforms) = preSolution
		Debug|Any CPU = Debug|Any CPU
		Release|Any CPU = Release|Any CPU
	EndGlobalSection
	GlobalSection(ProjectConfigurationPlatforms) = postSolution
		{D658C5C6-2BB6-A4F2-85C0-AFDC4A4F4D64}.Debug|Any CPU.ActiveCfg = Debug|Any CPU
		{D658C5C6-2BB6-A4F2-85C0-AFDC4A4F4D64}.Debug|Any CPU.Build.0 = Debug|Any CPU
		{D658C5C6-2BB6-A4F2-85C0-AFDC4A4F4D64}.Release|Any CPU.ActiveCfg = Release|Any CPU
		{D658C5C6-2BB6-A4F2-85C0-AFDC4A4F4D64}.Release|Any CPU.Build.0 = Release|Any CPU
		{947C2742-A9F0-BEBC-DB79-C37241D32DE1}.Debug|Any CPU.ActiveCfg = Debug|Any CPU
		{947C2742-A9F0-BEBC-DB79-C37241D32DE1}.Debug|Any CPU.Build.0 = Debug|Any CPU
		{947C2742-A9F0-BEBC-DB79-C37241D32DE1}.Release|Any CPU.ActiveCfg = Release|Any CPU
		{947C2742-A9F0-BEBC-DB79-C37241D32DE1}.Release|Any CPU.Build.0 = Release|Any CPU
	EndGlobalSection
	GlobalSection(SolutionProperties) = preSolution
		HideSolutionNode = FALSE
	EndGlobalSection
EndGlobal
